
Microsoft Visual Studio Solution File, Format Version 12.00
# Visual Studio Version 16
VisualStudioVersion = 16.0.32413.511
MinimumVisualStudioVersion = 10.0.40219.1
Project("{FAE04EC0-301F-11D3-BF4B-00C04F79EFBC}") = "DailyReport", "DailyReport\DailyReport.csproj", "{AC8BE122-FDED-473A-A090-48E41D936CEA}"
EndProject
Global
	GlobalSection(SolutionConfigurationPlatforms) = preSolution
		Debug|Any CPU = Debug|Any CPU
		Release|Any CPU = Release|Any CPU
	EndGlobalSection
	GlobalSection(ProjectConfigurationPlatforms) = postSolution
		{AC8BE122-FDED-473A-A090-48E41D936CEA}.Debug|Any CPU.ActiveCfg = Debug|Any CPU
		{AC8BE122-FDED-473A-A090-48E41D936CEA}.Debug|Any CPU.Build.0 = Debug|Any CPU
		{AC8BE122-FDED-473A-A090-48E41D936CEA}.Release|Any CPU.ActiveCfg = Release|Any CPU
		{AC8BE122-FDED-473A-A090-48E41D936CEA}.Release|Any CPU.Build.0 = Release|Any CPU
	EndGlobalSection
	GlobalSection(SolutionProperties) = preSolution
		HideSolutionNode = FALSE
	EndGlobalSection
	GlobalSection(ExtensibilityGlobals) = postSolution
		SolutionGuid = {30DE97CC-21D1-4726-82B5-DC3191E5B20D}
	EndGlobalSection
EndGlobal
