
Microsoft Visual Studio Solution File, Format Version 12.00
# Visual Studio Version 16
VisualStudioVersion = 16.0.32413.511
MinimumVisualStudioVersion = 10.0.40219.1
Project("{FAE04EC0-301F-11D3-BF4B-00C04F79EFBC}") = "OperatorOverload", "OperatorOverload\OperatorOverload.csproj", "{5B502C2B-49E5-49D4-8CDD-ACEFC0260D3C}"
EndProject
Global
	GlobalSection(SolutionConfigurationPlatforms) = preSolution
		Debug|Any CPU = Debug|Any CPU
		Release|Any CPU = Release|Any CPU
	EndGlobalSection
	GlobalSection(ProjectConfigurationPlatforms) = postSolution
		{5B502C2B-49E5-49D4-8CDD-ACEFC0260D3C}.Debug|Any CPU.ActiveCfg = Debug|Any CPU
		{5B502C2B-49E5-49D4-8CDD-ACEFC0260D3C}.Debug|Any CPU.Build.0 = Debug|Any CPU
		{5B502C2B-49E5-49D4-8CDD-ACEFC0260D3C}.Release|Any CPU.ActiveCfg = Release|Any CPU
		{5B502C2B-49E5-49D4-8CDD-ACEFC0260D3C}.Release|Any CPU.Build.0 = Release|Any CPU
	EndGlobalSection
	GlobalSection(SolutionProperties) = preSolution
		HideSolutionNode = FALSE
	EndGlobalSection
	GlobalSection(ExtensibilityGlobals) = postSolution
		SolutionGuid = {D1B92A94-C608-4931-97B7-080D5A99724D}
	EndGlobalSection
EndGlobal
