
Microsoft Visual Studio Solution File, Format Version 12.00
# Visual Studio Version 16
VisualStudioVersion = 16.0.32413.511
MinimumVisualStudioVersion = 10.0.40219.1
Project("{FAE04EC0-301F-11D3-BF4B-00C04F79EFBC}") = "Structs", "Structs\Structs.csproj", "{7639C5EA-08E9-4990-B5BC-606E325B10F5}"
EndProject
Global
	GlobalSection(SolutionConfigurationPlatforms) = preSolution
		Debug|Any CPU = Debug|Any CPU
		Release|Any CPU = Release|Any CPU
	EndGlobalSection
	GlobalSection(ProjectConfigurationPlatforms) = postSolution
		{7639C5EA-08E9-4990-B5BC-606E325B10F5}.Debug|Any CPU.ActiveCfg = Debug|Any CPU
		{7639C5EA-08E9-4990-B5BC-606E325B10F5}.Debug|Any CPU.Build.0 = Debug|Any CPU
		{7639C5EA-08E9-4990-B5BC-606E325B10F5}.Release|Any CPU.ActiveCfg = Release|Any CPU
		{7639C5EA-08E9-4990-B5BC-606E325B10F5}.Release|Any CPU.Build.0 = Release|Any CPU
	EndGlobalSection
	GlobalSection(SolutionProperties) = preSolution
		HideSolutionNode = FALSE
	EndGlobalSection
	GlobalSection(ExtensibilityGlobals) = postSolution
		SolutionGuid = {11BADB8C-FF6B-4DDC-8328-2372C44F9268}
	EndGlobalSection
EndGlobal
