
Microsoft Visual Studio Solution File, Format Version 12.00
# Visual Studio Version 16
VisualStudioVersion = 16.0.32510.428
MinimumVisualStudioVersion = 10.0.40219.1
Project("{FAE04EC0-301F-11D3-BF4B-00C04F79EFBC}") = "ConsoleAppAssignment", "ConsoleAppAssignment\ConsoleAppAssignment.csproj", "{693A2C80-DBEC-4177-8E25-2B0FC2CF44F7}"
EndProject
Global
	GlobalSection(SolutionConfigurationPlatforms) = preSolution
		Debug|Any CPU = Debug|Any CPU
		Release|Any CPU = Release|Any CPU
	EndGlobalSection
	GlobalSection(ProjectConfigurationPlatforms) = postSolution
		{693A2C80-DBEC-4177-8E25-2B0FC2CF44F7}.Debug|Any CPU.ActiveCfg = Debug|Any CPU
		{693A2C80-DBEC-4177-8E25-2B0FC2CF44F7}.Debug|Any CPU.Build.0 = Debug|Any CPU
		{693A2C80-DBEC-4177-8E25-2B0FC2CF44F7}.Release|Any CPU.ActiveCfg = Release|Any CPU
		{693A2C80-DBEC-4177-8E25-2B0FC2CF44F7}.Release|Any CPU.Build.0 = Release|Any CPU
	EndGlobalSection
	GlobalSection(SolutionProperties) = preSolution
		HideSolutionNode = FALSE
	EndGlobalSection
	GlobalSection(ExtensibilityGlobals) = postSolution
		SolutionGuid = {F2720112-7D67-459C-8310-407D0E087E2E}
	EndGlobalSection
EndGlobal
