
Microsoft Visual Studio Solution File, Format Version 12.00
# Visual Studio Version 16
VisualStudioVersion = 16.0.32413.511
MinimumVisualStudioVersion = 10.0.40219.1
Project("{FAE04EC0-301F-11D3-BF4B-00C04F79EFBC}") = "ClassMethod", "ClassMethod\ClassMethod.csproj", "{DA32D370-83B0-4F71-9CA1-2DBC5F6D9336}"
EndProject
Global
	GlobalSection(SolutionConfigurationPlatforms) = preSolution
		Debug|Any CPU = Debug|Any CPU
		Release|Any CPU = Release|Any CPU
	EndGlobalSection
	GlobalSection(ProjectConfigurationPlatforms) = postSolution
		{DA32D370-83B0-4F71-9CA1-2DBC5F6D9336}.Debug|Any CPU.ActiveCfg = Debug|Any CPU
		{DA32D370-83B0-4F71-9CA1-2DBC5F6D9336}.Debug|Any CPU.Build.0 = Debug|Any CPU
		{DA32D370-83B0-4F71-9CA1-2DBC5F6D9336}.Release|Any CPU.ActiveCfg = Release|Any CPU
		{DA32D370-83B0-4F71-9CA1-2DBC5F6D9336}.Release|Any CPU.Build.0 = Release|Any CPU
	EndGlobalSection
	GlobalSection(SolutionProperties) = preSolution
		HideSolutionNode = FALSE
	EndGlobalSection
	GlobalSection(ExtensibilityGlobals) = postSolution
		SolutionGuid = {22B87716-6B3F-410F-8B1B-BBDFC6E2FC99}
	EndGlobalSection
EndGlobal
