
Microsoft Visual Studio Solution File, Format Version 12.00
# Visual Studio Version 16
VisualStudioVersion = 16.0.32510.428
MinimumVisualStudioVersion = 10.0.40219.1
Project("{FAE04EC0-301F-11D3-BF4B-00C04F79EFBC}") = "LambdaFunctions", "LambdaFunctions\LambdaFunctions.csproj", "{F970A4A1-1A38-445F-BE9F-AEDF44A28A4A}"
EndProject
Global
	GlobalSection(SolutionConfigurationPlatforms) = preSolution
		Debug|Any CPU = Debug|Any CPU
		Release|Any CPU = Release|Any CPU
	EndGlobalSection
	GlobalSection(ProjectConfigurationPlatforms) = postSolution
		{F970A4A1-1A38-445F-BE9F-AEDF44A28A4A}.Debug|Any CPU.ActiveCfg = Debug|Any CPU
		{F970A4A1-1A38-445F-BE9F-AEDF44A28A4A}.Debug|Any CPU.Build.0 = Debug|Any CPU
		{F970A4A1-1A38-445F-BE9F-AEDF44A28A4A}.Release|Any CPU.ActiveCfg = Release|Any CPU
		{F970A4A1-1A38-445F-BE9F-AEDF44A28A4A}.Release|Any CPU.Build.0 = Release|Any CPU
	EndGlobalSection
	GlobalSection(SolutionProperties) = preSolution
		HideSolutionNode = FALSE
	EndGlobalSection
	GlobalSection(ExtensibilityGlobals) = postSolution
		SolutionGuid = {013DADAD-1F15-4A73-BF88-C24440D93F9B}
	EndGlobalSection
EndGlobal
