
Microsoft Visual Studio Solution File, Format Version 12.00
# Visual Studio Version 16
VisualStudioVersion = 16.0.32413.511
MinimumVisualStudioVersion = 10.0.40219.1
Project("{FAE04EC0-301F-11D3-BF4B-00C04F79EFBC}") = "VoidMethod", "VoidMethod\VoidMethod.csproj", "{461DD3B6-4AD8-4D24-98F6-CF22F63BEB66}"
EndProject
Global
	GlobalSection(SolutionConfigurationPlatforms) = preSolution
		Debug|Any CPU = Debug|Any CPU
		Release|Any CPU = Release|Any CPU
	EndGlobalSection
	GlobalSection(ProjectConfigurationPlatforms) = postSolution
		{461DD3B6-4AD8-4D24-98F6-CF22F63BEB66}.Debug|Any CPU.ActiveCfg = Debug|Any CPU
		{461DD3B6-4AD8-4D24-98F6-CF22F63BEB66}.Debug|Any CPU.Build.0 = Debug|Any CPU
		{461DD3B6-4AD8-4D24-98F6-CF22F63BEB66}.Release|Any CPU.ActiveCfg = Release|Any CPU
		{461DD3B6-4AD8-4D24-98F6-CF22F63BEB66}.Release|Any CPU.Build.0 = Release|Any CPU
	EndGlobalSection
	GlobalSection(SolutionProperties) = preSolution
		HideSolutionNode = FALSE
	EndGlobalSection
	GlobalSection(ExtensibilityGlobals) = postSolution
		SolutionGuid = {F786D7AF-A921-4EBF-8B94-476ADB53C29A}
	EndGlobalSection
EndGlobal
