
Microsoft Visual Studio Solution File, Format Version 12.00
# Visual Studio Version 16
VisualStudioVersion = 16.0.32413.511
MinimumVisualStudioVersion = 10.0.40219.1
Project("{FAE04EC0-301F-11D3-BF4B-00C04F79EFBC}") = "MVC_Tutorial", "MVC_Tutorial\MVC_Tutorial.csproj", "{C0884983-4E9C-49A9-BF6E-2A5802173E8D}"
EndProject
Global
	GlobalSection(SolutionConfigurationPlatforms) = preSolution
		Debug|Any CPU = Debug|Any CPU
		Release|Any CPU = Release|Any CPU
	EndGlobalSection
	GlobalSection(ProjectConfigurationPlatforms) = postSolution
		{C0884983-4E9C-49A9-BF6E-2A5802173E8D}.Debug|Any CPU.ActiveCfg = Debug|Any CPU
		{C0884983-4E9C-49A9-BF6E-2A5802173E8D}.Debug|Any CPU.Build.0 = Debug|Any CPU
		{C0884983-4E9C-49A9-BF6E-2A5802173E8D}.Release|Any CPU.ActiveCfg = Release|Any CPU
		{C0884983-4E9C-49A9-BF6E-2A5802173E8D}.Release|Any CPU.Build.0 = Release|Any CPU
	EndGlobalSection
	GlobalSection(SolutionProperties) = preSolution
		HideSolutionNode = FALSE
	EndGlobalSection
	GlobalSection(ExtensibilityGlobals) = postSolution
		SolutionGuid = {68E42F8B-7C80-42B2-AE65-DCF2A52497A9}
	EndGlobalSection
EndGlobal
