
Microsoft Visual Studio Solution File, Format Version 12.00
# Visual Studio Version 16
VisualStudioVersion = 16.0.32413.511
MinimumVisualStudioVersion = 10.0.40219.1
Project("{FAE04EC0-301F-11D3-BF4B-00C04F79EFBC}") = "TechAcadStudentsMVC", "TechAcadStudentsMVC\TechAcadStudentsMVC.csproj", "{64B3EF70-44C0-4CE0-ACEA-02BC231391E5}"
EndProject
Global
	GlobalSection(SolutionConfigurationPlatforms) = preSolution
		Debug|Any CPU = Debug|Any CPU
		Release|Any CPU = Release|Any CPU
	EndGlobalSection
	GlobalSection(ProjectConfigurationPlatforms) = postSolution
		{64B3EF70-44C0-4CE0-ACEA-02BC231391E5}.Debug|Any CPU.ActiveCfg = Debug|Any CPU
		{64B3EF70-44C0-4CE0-ACEA-02BC231391E5}.Debug|Any CPU.Build.0 = Debug|Any CPU
		{64B3EF70-44C0-4CE0-ACEA-02BC231391E5}.Release|Any CPU.ActiveCfg = Release|Any CPU
		{64B3EF70-44C0-4CE0-ACEA-02BC231391E5}.Release|Any CPU.Build.0 = Release|Any CPU
	EndGlobalSection
	GlobalSection(SolutionProperties) = preSolution
		HideSolutionNode = FALSE
	EndGlobalSection
	GlobalSection(ExtensibilityGlobals) = postSolution
		SolutionGuid = {D51147FD-7BD8-4F4F-A8A8-9687829F579A}
	EndGlobalSection
EndGlobal
