
Microsoft Visual Studio Solution File, Format Version 12.00
# Visual Studio Version 16
VisualStudioVersion = 16.0.32413.511
MinimumVisualStudioVersion = 10.0.40219.1
Project("{FAE04EC0-301F-11D3-BF4B-00C04F79EFBC}") = "DoWhileSwitch", "DoWhileSwitch\DoWhileSwitch.csproj", "{BC511650-1840-4109-9726-54008BDD557A}"
EndProject
Global
	GlobalSection(SolutionConfigurationPlatforms) = preSolution
		Debug|Any CPU = Debug|Any CPU
		Release|Any CPU = Release|Any CPU
	EndGlobalSection
	GlobalSection(ProjectConfigurationPlatforms) = postSolution
		{BC511650-1840-4109-9726-54008BDD557A}.Debug|Any CPU.ActiveCfg = Debug|Any CPU
		{BC511650-1840-4109-9726-54008BDD557A}.Debug|Any CPU.Build.0 = Debug|Any CPU
		{BC511650-1840-4109-9726-54008BDD557A}.Release|Any CPU.ActiveCfg = Release|Any CPU
		{BC511650-1840-4109-9726-54008BDD557A}.Release|Any CPU.Build.0 = Release|Any CPU
	EndGlobalSection
	GlobalSection(SolutionProperties) = preSolution
		HideSolutionNode = FALSE
	EndGlobalSection
	GlobalSection(ExtensibilityGlobals) = postSolution
		SolutionGuid = {ECE83475-2055-4A35-B28B-79C187A23214}
	EndGlobalSection
EndGlobal
