
Microsoft Visual Studio Solution File, Format Version 12.00
# Visual Studio Version 16
VisualStudioVersion = 16.0.32413.511
MinimumVisualStudioVersion = 10.0.40219.1
Project("{FAE04EC0-301F-11D3-BF4B-00C04F79EFBC}") = "ShippingQuote", "ShippingQuote\ShippingQuote.csproj", "{EB8282A0-B9E5-499C-94CD-55F5DE7B848E}"
EndProject
Global
	GlobalSection(SolutionConfigurationPlatforms) = preSolution
		Debug|Any CPU = Debug|Any CPU
		Release|Any CPU = Release|Any CPU
	EndGlobalSection
	GlobalSection(ProjectConfigurationPlatforms) = postSolution
		{EB8282A0-B9E5-499C-94CD-55F5DE7B848E}.Debug|Any CPU.ActiveCfg = Debug|Any CPU
		{EB8282A0-B9E5-499C-94CD-55F5DE7B848E}.Debug|Any CPU.Build.0 = Debug|Any CPU
		{EB8282A0-B9E5-499C-94CD-55F5DE7B848E}.Release|Any CPU.ActiveCfg = Release|Any CPU
		{EB8282A0-B9E5-499C-94CD-55F5DE7B848E}.Release|Any CPU.Build.0 = Release|Any CPU
	EndGlobalSection
	GlobalSection(SolutionProperties) = preSolution
		HideSolutionNode = FALSE
	EndGlobalSection
	GlobalSection(ExtensibilityGlobals) = postSolution
		SolutionGuid = {CEC2B3B6-C438-4646-8A60-B995C1C5EDBB}
	EndGlobalSection
EndGlobal
