
Microsoft Visual Studio Solution File, Format Version 12.00
# Visual Studio Version 16
VisualStudioVersion = 16.0.32413.511
MinimumVisualStudioVersion = 10.0.40219.1
Project("{FAE04EC0-301F-11D3-BF4B-00C04F79EFBC}") = "Polymorphism", "Polymorphism\Polymorphism.csproj", "{6FE382E8-766A-4387-ABA0-9A53C28FCE29}"
EndProject
Global
	GlobalSection(SolutionConfigurationPlatforms) = preSolution
		Debug|Any CPU = Debug|Any CPU
		Release|Any CPU = Release|Any CPU
	EndGlobalSection
	GlobalSection(ProjectConfigurationPlatforms) = postSolution
		{6FE382E8-766A-4387-ABA0-9A53C28FCE29}.Debug|Any CPU.ActiveCfg = Debug|Any CPU
		{6FE382E8-766A-4387-ABA0-9A53C28FCE29}.Debug|Any CPU.Build.0 = Debug|Any CPU
		{6FE382E8-766A-4387-ABA0-9A53C28FCE29}.Release|Any CPU.ActiveCfg = Release|Any CPU
		{6FE382E8-766A-4387-ABA0-9A53C28FCE29}.Release|Any CPU.Build.0 = Release|Any CPU
	EndGlobalSection
	GlobalSection(SolutionProperties) = preSolution
		HideSolutionNode = FALSE
	EndGlobalSection
	GlobalSection(ExtensibilityGlobals) = postSolution
		SolutionGuid = {5E6EF61D-E05B-40AB-AD77-CD66EABB2BD0}
	EndGlobalSection
EndGlobal
